{
  "version": 1,
  "dependencies": {
    ".NETCoreApp,Version=v2.2": {
      "Microsoft.NET.Test.Sdk": {
        "type": "Direct",
        "requested": "[16.10.0, )",
        "resolved": "16.10.0",
        "contentHash": "/9x6TV1SUi+rtKi8UYa7ml7SEWhb0A5FuyeF0nwwUKVjdk5WaWuLPjntHVWoDuYP25KBruoxWxs7WdhDMjWxXw==",
        "dependencies": {
          "Microsoft.CodeCoverage": "16.10.0",
          "Microsoft.TestPlatform.TestHost": "16.10.0"
        }
      },
      "Microsoft.NETCore.App": {
        "type": "Direct",
        "requested": "[2.2.0, )",
        "resolved": "2.2.0",
        "contentHash": "7z5l8Jp324S8bU8+yyWeYHXUFYvKyiI5lqS1dXgTzOx1H69Qbf6df12kCKlNX45LpMfCMd4U3M6p7Rl5Zk7SLA==",
        "dependencies": {
          "Microsoft.NETCore.DotNetHostPolicy": "2.2.0",
          "Microsoft.NETCore.Platforms": "2.2.0",
          "Microsoft.NETCore.Targets": "2.0.0",
          "NETStandard.Library": "2.0.3"
        }
      },
      "xunit": {
        "type": "Direct",
        "requested": "[2.9.3, )",
        "resolved": "2.9.3",
        "contentHash": "TlXQBinK35LpOPKHAqbLY4xlEen9TBafjs0V5KnA4wZsoQLQJiirCR4CbIXvOH8NzkW4YeJKP5P/Bnrodm0h9Q==",
        "dependencies": {
          "xunit.analyzers": "1.18.0",
          "xunit.assert": "2.9.3",
          "xunit.core": "[2.9.3]"
        }
      },
      "xunit.runner.visualstudio": {
        "type": "Direct",
        "requested": "[2.4.3, )",
        "resolved": "2.4.3",
        "contentHash": "kZZSmOmKA8OBlAJaquPXnJJLM9RwQ27H7BMVqfMLUcTi9xHinWGJiWksa3D4NEtz0wZ/nxd2mogObvBgJKCRhQ=="
      },
      "Microsoft.CodeCoverage": {
        "type": "Transitive",
        "resolved": "16.10.0",
        "contentHash": "7g0UjAwhEi2OBBv8SDV3wZ6J103cQyZbKVgDy59fnNdlbv0XpUCfdBZiSW5yVK/d2jp6faCdGh7VnI/F2JZO+Q=="
      },
      "Microsoft.NETCore.DotNetAppHost": {
        "type": "Transitive",
        "resolved": "2.2.0",
        "contentHash": "DrhaKInRKKvN6Ns2VNIlC7ZffLOp9THf8cO6X4fytPRJovJUbF49/zzx4WfgX9E44FMsw9hT8hrKiIqDSHvGvA=="
      },
      "Microsoft.NETCore.DotNetHostPolicy": {
        "type": "Transitive",
        "resolved": "2.2.0",
        "contentHash": "FJie7IoPZFaPgNDxhZGmDBQP/Bs5vPdfca/G2Wf9gd6LIvMYkZcibtmJwB4tcf4KXkaOYfIOo4Cl9sEPMsSzkw==",
        "dependencies": {
          "Microsoft.NETCore.DotNetHostResolver": "2.2.0"
        }
      },
      "Microsoft.NETCore.DotNetHostResolver": {
        "type": "Transitive",
        "resolved": "2.2.0",
        "contentHash": "spDm3AJYmebthDNhzY17YLPtvbc+Y1lCLVeiIH1uLJ/hZaM+40pBiPefFR8J1u66Ndkqi8ipR2tEbqPnYnjRhw==",
        "dependencies": {
          "Microsoft.NETCore.DotNetAppHost": "2.2.0"
        }
      },
      "Microsoft.NETCore.Platforms": {
        "type": "Transitive",
        "resolved": "2.2.0",
        "contentHash": "T/J+XZo+YheFTJh8/4uoeJDdz5qOmOMkjg6/VL8mHJ9AnP8+fmV/kcbxeXsob0irRNiChf+V0ig1MCRLp/+Kog=="
      },
      "Microsoft.NETCore.Targets": {
        "type": "Transitive",
        "resolved": "2.0.0",
        "contentHash": "odP/tJj1z6GylFpNo7pMtbd/xQgTC3Ex2If63dRTL38bBNMwsBnJ+RceUIyHdRBC0oik/3NehYT+oECwBhIM3Q=="
      },
      "Microsoft.TestPlatform.ObjectModel": {
        "type": "Transitive",
        "resolved": "16.10.0",
        "contentHash": "DYp9eKg3zffZuePhgdUrh5tHkt1YOaSraVH87r4WXDOjag1/n08aFl1vRhWP8y2RoBLTHdcZRTDOhQyYMxAYNg==",
        "dependencies": {
          "NuGet.Frameworks": "5.0.0",
          "System.Reflection.Metadata": "1.6.0"
        }
      },
      "Microsoft.TestPlatform.TestHost": {
        "type": "Transitive",
        "resolved": "16.10.0",
        "contentHash": "KAlB2QQRwznIH02WNl9eAuUP6/tn4IbAw4EXrvV1POTUjxuv4Dqg0u3Nn5lC9T3WIHupCHfsTcJMgsJYdi31Ig==",
        "dependencies": {
          "Microsoft.TestPlatform.ObjectModel": "16.10.0",
          "Newtonsoft.Json": "9.0.1"
        }
      },
      "NETStandard.Library": {
        "type": "Transitive",
        "resolved": "2.0.3",
        "contentHash": "st47PosZSHrjECdjeIzZQbzivYBJFv6P2nv4cj2ypdI204DO+vZ7l5raGMiX4eXMJ53RfOIg+/s4DHVZ54Nu2A==",
        "dependencies": {
          "Microsoft.NETCore.Platforms": "1.1.0"
        }
      },
      "Newtonsoft.Json": {
        "type": "Transitive",
        "resolved": "13.0.1",
        "contentHash": "ppPFpBcvxdsfUonNcvITKqLl3bqxWbDCZIzDWHzjpdAHRFfZe0Dw9HmA0+za13IdyrgJwpkDTDA9fHaxOrt20A=="
      },
      "NuGet.Frameworks": {
        "type": "Transitive",
        "resolved": "5.0.0",
        "contentHash": "c5JVjuVAm4f7E9Vj+v09Z9s2ZsqFDjBpcsyS3M9xRo0bEdm/LVZSzLxxNvfvAwRiiE8nwe1h2G4OwiwlzFKXlA=="
      },
      "System.Collections.Immutable": {
        "type": "Transitive",
        "resolved": "5.0.0",
        "contentHash": "FXkLXiK0sVVewcso0imKQoOxjoPAj42R8HtjjbSjVPAzwDfzoyoznWxgA3c38LDbN9SJux1xXoXYAhz98j7r2g=="
      },
      "System.Reflection.Metadata": {
        "type": "Transitive",
        "resolved": "1.6.0",
        "contentHash": "COC1aiAJjCoA5GBF+QKL2uLqEBew4JsCkQmoHKbN3TlOZKa2fKLz5CpiRQKDz0RsAOEGsVKqOD5bomsXq/4STQ=="
      },
      "xunit.abstractions": {
        "type": "Transitive",
        "resolved": "2.0.3",
        "contentHash": "pot1I4YOxlWjIb5jmwvvQNbTrZ3lJQ+jUGkGjWE3hEFM0l5gOnBWS+H3qsex68s5cO52g+44vpGzhAt+42vwKg=="
      },
      "xunit.analyzers": {
        "type": "Transitive",
        "resolved": "1.18.0",
        "contentHash": "OtFMHN8yqIcYP9wcVIgJrq01AfTxijjAqVDy/WeQVSyrDC1RzBWeQPztL49DN2syXRah8TYnfvk035s7L95EZQ=="
      },
      "xunit.assert": {
        "type": "Transitive",
        "resolved": "2.9.3",
        "contentHash": "/Kq28fCE7MjOV42YLVRAJzRF0WmEqsmflm0cfpMjGtzQ2lR5mYVj1/i0Y8uDAOLczkL3/jArrwehfMD0YogMAA=="
      },
      "xunit.core": {
        "type": "Transitive",
        "resolved": "2.9.3",
        "contentHash": "BiAEvqGvyme19wE0wTKdADH+NloYqikiU0mcnmiNyXaF9HyHmE6sr/3DC5vnBkgsWaE6yPyWszKSPSApWdRVeQ==",
        "dependencies": {
          "xunit.extensibility.core": "[2.9.3]",
          "xunit.extensibility.execution": "[2.9.3]"
        }
      },
      "xunit.extensibility.core": {
        "type": "Transitive",
        "resolved": "2.9.3",
        "contentHash": "kf3si0YTn2a8J8eZNb+zFpwfoyvIrQ7ivNk5ZYA5yuYk1bEtMe4DxJ2CF/qsRgmEnDr7MnW1mxylBaHTZ4qErA==",
        "dependencies": {
          "xunit.abstractions": "2.0.3"
        }
      },
      "xunit.extensibility.execution": {
        "type": "Transitive",
        "resolved": "2.9.3",
        "contentHash": "yMb6vMESlSrE3Wfj7V6cjQ3S4TXdXpRqYeNEI3zsX31uTsGMJjEw6oD5F5u1cHnMptjhEECnmZSsPxB6ChZHDQ==",
        "dependencies": {
          "xunit.extensibility.core": "[2.9.3]"
        }
      },
      "codacy.engine.seed": {
        "type": "Project",
        "dependencies": {
          "Newtonsoft.Json": "[13.0.1, )",
          "System.Collections.Immutable": "[5.0.0, )"
        }
      }
    }
  }
}